<?xml version="1.0" encoding="utf-8"?>
<Project ToolsVersion="4.0" xmlns="http://schemas.microsoft.com/developer/msbuild/2003">
  <ItemGroup>
    <Filter Include="Source Files">
      <UniqueIdentifier>{4FC737F1-C7A5-4376-A066-2A32D752A2FF}</UniqueIdentifier>
      <Extensions>cpp;c;cxx;def;odl;idl;hpj;bat;asm;asmx</Extensions>
    </Filter>
    <Filter Include="Header Files">
      <UniqueIdentifier>{93995380-89BD-4b04-88EB-625FBE52EBFB}</UniqueIdentifier>
      <Extensions>h;hpp;hxx;hm;inl;inc;xsd</Extensions>
    </Filter>
    <Filter Include="Internal Files">
      <UniqueIdentifier>{31E26C71-5D6C-4353-B7B8-04AFBEC41818}</UniqueIdentifier>
      <Extensions>h;hpp;hxx;hm;inl;inc;xsd</Extensions>
    </Filter>
  </ItemGroup>
  <ItemGroup>
    <ClInclude Include="..\..\include\gtest\gtest_pred_impl.h">
      <Filter>Header Files</Filter>
    </ClInclude>
    <ClInclude Include="..\..\include\gtest\gtest_prod.h">
      <Filter>Header Files</Filter>
    </ClInclude>
    <ClInclude Include="..\..\include\gtest\gtest-assertion-result.h">
      <Filter>Header Files</Filter>
    </ClInclude>
    <ClInclude Include="..\..\include\gtest\gtest-death-test.h">
      <Filter>Header Files</Filter>
    </ClInclude>
    <ClInclude Include="..\..\include\gtest\gtest-matchers.h">
      <Filter>Header Files</Filter>
    </ClInclude>
    <ClInclude Include="..\..\include\gtest\gtest-message.h">
      <Filter>Header Files</Filter>
    </ClInclude>
    <ClInclude Include="..\..\include\gtest\gtest-param-test.h">
      <Filter>Header Files</Filter>
    </ClInclude>
    <ClInclude Include="..\..\include\gtest\gtest-printers.h">
      <Filter>Header Files</Filter>
    </ClInclude>
    <ClInclude Include="..\..\include\gtest\gtest-spi.h">
      <Filter>Header Files</Filter>
    </ClInclude>
    <ClInclude Include="..\..\include\gtest\gtest-test-part.h">
      <Filter>Header Files</Filter>
    </ClInclude>
    <ClInclude Include="..\..\include\gtest\gtest-typed-test.h">
      <Filter>Header Files</Filter>
    </ClInclude>
    <ClInclude Include="..\..\include\gtest\gtest.h">
      <Filter>Header Files</Filter>
    </ClInclude>
    <ClInclude Include="..\..\include\gtest\internal\custom\gtest-port.h">
      <Filter>Internal Files</Filter>
    </ClInclude>
    <ClInclude Include="..\..\include\gtest\internal\custom\gtest-printers.h">
      <Filter>Internal Files</Filter>
    </ClInclude>
    <ClInclude Include="..\..\include\gtest\internal\custom\gtest.h">
      <Filter>Internal Files</Filter>
    </ClInclude>
    <ClInclude Include="..\..\include\gtest\internal\gtest-death-test-internal.h">
      <Filter>Internal Files</Filter>
    </ClInclude>
    <ClInclude Include="..\..\include\gtest\internal\gtest-filepath.h">
      <Filter>Internal Files</Filter>
    </ClInclude>
    <ClInclude Include="..\..\include\gtest\internal\gtest-internal.h">
      <Filter>Internal Files</Filter>
    </ClInclude>
    <ClInclude Include="..\..\include\gtest\internal\gtest-param-util.h">
      <Filter>Internal Files</Filter>
    </ClInclude>
    <ClInclude Include="..\..\include\gtest\internal\gtest-port-arch.h">
      <Filter>Internal Files</Filter>
    </ClInclude>
    <ClInclude Include="..\..\include\gtest\internal\gtest-port.h">
      <Filter>Internal Files</Filter>
    </ClInclude>
    <ClInclude Include="..\..\include\gtest\internal\gtest-string.h">
      <Filter>Internal Files</Filter>
    </ClInclude>
    <ClInclude Include="..\..\include\gtest\internal\gtest-type-util.h">
      <Filter>Internal Files</Filter>
    </ClInclude>
  </ItemGroup>
  <ItemGroup>
    <ClCompile Include="..\..\src\gtest-all.cc">
      <Filter>Source Files</Filter>
    </ClCompile>
    <ClCompile Include="..\..\src\gtest-assertion-result.cc">
      <Filter>Source Files</Filter>
    </ClCompile>
    <ClCompile Include="..\..\src\gtest-death-test.cc">
      <Filter>Source Files</Filter>
    </ClCompile>
    <ClCompile Include="..\..\src\gtest-filepath.cc">
      <Filter>Source Files</Filter>
    </ClCompile>
    <ClCompile Include="..\..\src\gtest-internal-inl.h">
      <Filter>Source Files</Filter>
    </ClCompile>
    <ClCompile Include="..\..\src\gtest-matchers.cc">
      <Filter>Source Files</Filter>
    </ClCompile>
    <ClCompile Include="..\..\src\gtest-port.cc">
      <Filter>Source Files</Filter>
    </ClCompile>
    <ClCompile Include="..\..\src\gtest-printers.cc">
      <Filter>Source Files</Filter>
    </ClCompile>
    <ClCompile Include="..\..\src\gtest-test-part.cc">
      <Filter>Source Files</Filter>
    </ClCompile>
    <ClCompile Include="..\..\src\gtest-typed-test.cc">
      <Filter>Source Files</Filter>
    </ClCompile>
    <ClCompile Include="..\..\src\gtest.cc">
      <Filter>Source Files</Filter>
    </ClCompile>
  </ItemGroup>
</Project>