<?xml version="1.0" encoding="utf-8"?>
<Project ToolsVersion="4.0" xmlns="http://schemas.microsoft.com/developer/msbuild/2003">
  <ItemGroup>
    <ClCompile Include="..\test\gmock_all_test.cc" />
  </ItemGroup>
  <ItemGroup>
    <Filter Include="Header Files">
      <UniqueIdentifier>{55ba70e0-9c4c-4108-888f-f04e3ce8bff5}</UniqueIdentifier>
    </Filter>
    <Filter Include="Source Files">
      <UniqueIdentifier>{8191b842-548a-4937-9e0a-22cd1d5ed767}</UniqueIdentifier>
    </Filter>
  </ItemGroup>
  <ItemGroup>
    <ClCompile Include="..\..\test\gmock_link_test.h">
      <Filter>Header Files</Filter>
    </ClCompile>
    <ClCompile Include="..\..\test\gmock-matchers_test.h">
      <Filter>Header Files</Filter>
    </ClCompile>
    <ClCompile Include="..\..\test\gmock_all_test.cc">
      <Filter>Source Files</Filter>
    </ClCompile>
    <ClCompile Include="..\..\test\gmock_ex_test.cc">
      <Filter>Source Files</Filter>
    </ClCompile>
    <ClCompile Include="..\..\test\gmock_leak_test_.cc">
      <Filter>Source Files</Filter>
    </ClCompile>
    <ClCompile Include="..\..\test\gmock_link_test.cc">
      <Filter>Source Files</Filter>
    </ClCompile>
    <ClCompile Include="..\..\test\gmock_link2_test.cc">
      <Filter>Source Files</Filter>
    </ClCompile>
    <ClCompile Include="..\..\test\gmock_output_test_.cc">
      <Filter>Source Files</Filter>
    </ClCompile>
    <ClCompile Include="..\..\test\gmock_stress_test.cc">
      <Filter>Source Files</Filter>
    </ClCompile>
    <ClCompile Include="..\..\test\gmock_test.cc">
      <Filter>Source Files</Filter>
    </ClCompile>
    <ClCompile Include="..\..\test\gmock-actions_test.cc">
      <Filter>Source Files</Filter>
    </ClCompile>
    <ClCompile Include="..\..\test\gmock-cardinalities_test.cc">
      <Filter>Source Files</Filter>
    </ClCompile>
    <ClCompile Include="..\..\test\gmock-function-mocker_test.cc">
      <Filter>Source Files</Filter>
    </ClCompile>
    <ClCompile Include="..\..\test\gmock-internal-utils_test.cc">
      <Filter>Source Files</Filter>
    </ClCompile>
    <ClCompile Include="..\..\test\gmock-matchers-arithmetic_test.cc">
      <Filter>Source Files</Filter>
    </ClCompile>
    <ClCompile Include="..\..\test\gmock-matchers-comparisons_test.cc">
      <Filter>Source Files</Filter>
    </ClCompile>
    <ClCompile Include="..\..\test\gmock-matchers-containers_test.cc">
      <Filter>Source Files</Filter>
    </ClCompile>
    <ClCompile Include="..\..\test\gmock-matchers-misc_test.cc">
      <Filter>Source Files</Filter>
    </ClCompile>
    <ClCompile Include="..\..\test\gmock-more-actions_test.cc">
      <Filter>Source Files</Filter>
    </ClCompile>
    <ClCompile Include="..\..\test\gmock-nice-strict_test.cc">
      <Filter>Source Files</Filter>
    </ClCompile>
    <ClCompile Include="..\..\test\gmock-port_test.cc">
      <Filter>Source Files</Filter>
    </ClCompile>
    <ClCompile Include="..\..\test\gmock-pp_test.cc">
      <Filter>Source Files</Filter>
    </ClCompile>
    <ClCompile Include="..\..\test\gmock-pp-string_test.cc">
      <Filter>Source Files</Filter>
    </ClCompile>
    <ClCompile Include="..\..\test\gmock-spec-builders_test.cc">
      <Filter>Source Files</Filter>
    </ClCompile>
  </ItemGroup>
</Project>